
Microsoft Visual Studio Solution File, Format Version 10.00
# Visual C++ Express 2008
Project("{8BC9CEB8-8B4A-11D0-8D11-00A0C91BC942}") = "libcnotify", "libcnotify\libcnotify.vcproj", "{6B7158C8-C9B7-46A2-A1C0-E1DF96ECC3FA}"
	ProjectSection(ProjectDependencies) = postProject
		{824A5A19-B107-4149-A00C-4A5CC7BB7F2D} = {824A5A19-B107-4149-A00C-4A5CC7BB7F2D}
	EndProjectSection
EndProject
Project("{8BC9CEB8-8B4A-11D0-8D11-00A0C91BC942}") = "libcerror", "libcerror\libcerror.vcproj", "{824A5A19-B107-4149-A00C-4A5CC7BB7F2D}"
EndProject
Project("{8BC9CEB8-8B4A-11D0-8D11-00A0C91BC942}") = "libfvalue", "libfvalue\libfvalue.vcproj", "{64EAA9AB-171E-4366-B8F8-F3D5A965AA28}"
	ProjectSection(ProjectDependencies) = postProject
		{824A5A19-B107-4149-A00C-4A5CC7BB7F2D} = {824A5A19-B107-4149-A00C-4A5CC7BB7F2D}
		{5054ADEA-7EC7-4CB9-A165-38F354D02B0C} = {5054ADEA-7EC7-4CB9-A165-38F354D02B0C}
		{F7856C53-90B0-402C-AD1C-DC357A81429E} = {F7856C53-90B0-402C-AD1C-DC357A81429E}
		{6B7158C8-C9B7-46A2-A1C0-E1DF96ECC3FA} = {6B7158C8-C9B7-46A2-A1C0-E1DF96ECC3FA}
		{F59A0532-BA61-4B9D-8F03-09E5EDFE0161} = {F59A0532-BA61-4B9D-8F03-09E5EDFE0161}
		{D1F77F74-1AD4-4837-995C-41DAD2CE5120} = {D1F77F74-1AD4-4837-995C-41DAD2CE5120}
		{DEF5A09F-A761-4377-B2E6-338DB681653E} = {DEF5A09F-A761-4377-B2E6-338DB681653E}
		{78234619-5596-4205-8DAE-2DECB770F8E5} = {78234619-5596-4205-8DAE-2DECB770F8E5}
	EndProjectSection
EndProject
Project("{8BC9CEB8-8B4A-11D0-8D11-00A0C91BC942}") = "libuna", "libuna\libuna.vcproj", "{F59A0532-BA61-4B9D-8F03-09E5EDFE0161}"
	ProjectSection(ProjectDependencies) = postProject
		{824A5A19-B107-4149-A00C-4A5CC7BB7F2D} = {824A5A19-B107-4149-A00C-4A5CC7BB7F2D}
	EndProjectSection
EndProject
Project("{8BC9CEB8-8B4A-11D0-8D11-00A0C91BC942}") = "fvalue_test_binary_data", "fvalue_test_binary_data\fvalue_test_binary_data.vcproj", "{478137DD-CFAE-4020-8F63-8AC546D31FFE}"
	ProjectSection(ProjectDependencies) = postProject
		{64EAA9AB-171E-4366-B8F8-F3D5A965AA28} = {64EAA9AB-171E-4366-B8F8-F3D5A965AA28}
		{824A5A19-B107-4149-A00C-4A5CC7BB7F2D} = {824A5A19-B107-4149-A00C-4A5CC7BB7F2D}
	EndProjectSection
EndProject
Project("{8BC9CEB8-8B4A-11D0-8D11-00A0C91BC942}") = "fvalue_test_data_handle", "fvalue_test_data_handle\fvalue_test_data_handle.vcproj", "{AB0A9670-C9FD-4441-90A5-C802A857A9C1}"
	ProjectSection(ProjectDependencies) = postProject
		{64EAA9AB-171E-4366-B8F8-F3D5A965AA28} = {64EAA9AB-171E-4366-B8F8-F3D5A965AA28}
		{824A5A19-B107-4149-A00C-4A5CC7BB7F2D} = {824A5A19-B107-4149-A00C-4A5CC7BB7F2D}
	EndProjectSection
EndProject
Project("{8BC9CEB8-8B4A-11D0-8D11-00A0C91BC942}") = "fvalue_test_error", "fvalue_test_error\fvalue_test_error.vcproj", "{3E3FDDD6-5CAC-4F01-90A1-6075FF079F4F}"
	ProjectSection(ProjectDependencies) = postProject
		{64EAA9AB-171E-4366-B8F8-F3D5A965AA28} = {64EAA9AB-171E-4366-B8F8-F3D5A965AA28}
	EndProjectSection
EndProject
Project("{8BC9CEB8-8B4A-11D0-8D11-00A0C91BC942}") = "fvalue_test_floating_point", "fvalue_test_floating_point\fvalue_test_floating_point.vcproj", "{F99A3253-D5B5-46F6-B915-6F1609A499AB}"
	ProjectSection(ProjectDependencies) = postProject
		{64EAA9AB-171E-4366-B8F8-F3D5A965AA28} = {64EAA9AB-171E-4366-B8F8-F3D5A965AA28}
		{824A5A19-B107-4149-A00C-4A5CC7BB7F2D} = {824A5A19-B107-4149-A00C-4A5CC7BB7F2D}
	EndProjectSection
EndProject
Project("{8BC9CEB8-8B4A-11D0-8D11-00A0C91BC942}") = "fvalue_test_integer", "fvalue_test_integer\fvalue_test_integer.vcproj", "{B0E26D73-EDA2-4996-95E8-80D3D59CC652}"
	ProjectSection(ProjectDependencies) = postProject
		{64EAA9AB-171E-4366-B8F8-F3D5A965AA28} = {64EAA9AB-171E-4366-B8F8-F3D5A965AA28}
		{824A5A19-B107-4149-A00C-4A5CC7BB7F2D} = {824A5A19-B107-4149-A00C-4A5CC7BB7F2D}
	EndProjectSection
EndProject
Project("{8BC9CEB8-8B4A-11D0-8D11-00A0C91BC942}") = "fvalue_test_string", "fvalue_test_string\fvalue_test_string.vcproj", "{DBBDC473-9311-4238-8C01-5819BF9B055A}"
	ProjectSection(ProjectDependencies) = postProject
		{64EAA9AB-171E-4366-B8F8-F3D5A965AA28} = {64EAA9AB-171E-4366-B8F8-F3D5A965AA28}
		{824A5A19-B107-4149-A00C-4A5CC7BB7F2D} = {824A5A19-B107-4149-A00C-4A5CC7BB7F2D}
	EndProjectSection
EndProject
Project("{8BC9CEB8-8B4A-11D0-8D11-00A0C91BC942}") = "fvalue_test_support", "fvalue_test_support\fvalue_test_support.vcproj", "{9DCD56DE-5038-4592-BC6E-54028E3EED31}"
	ProjectSection(ProjectDependencies) = postProject
		{64EAA9AB-171E-4366-B8F8-F3D5A965AA28} = {64EAA9AB-171E-4366-B8F8-F3D5A965AA28}
	EndProjectSection
EndProject
Project("{8BC9CEB8-8B4A-11D0-8D11-00A0C91BC942}") = "fvalue_test_table", "fvalue_test_table\fvalue_test_table.vcproj", "{8B54A257-C390-445E-A341-3E049D600942}"
	ProjectSection(ProjectDependencies) = postProject
		{64EAA9AB-171E-4366-B8F8-F3D5A965AA28} = {64EAA9AB-171E-4366-B8F8-F3D5A965AA28}
		{824A5A19-B107-4149-A00C-4A5CC7BB7F2D} = {824A5A19-B107-4149-A00C-4A5CC7BB7F2D}
	EndProjectSection
EndProject
Project("{8BC9CEB8-8B4A-11D0-8D11-00A0C91BC942}") = "fvalue_test_value", "fvalue_test_value\fvalue_test_value.vcproj", "{848DC65A-ED4D-4C31-AE76-F6188F554729}"
	ProjectSection(ProjectDependencies) = postProject
		{64EAA9AB-171E-4366-B8F8-F3D5A965AA28} = {64EAA9AB-171E-4366-B8F8-F3D5A965AA28}
		{824A5A19-B107-4149-A00C-4A5CC7BB7F2D} = {824A5A19-B107-4149-A00C-4A5CC7BB7F2D}
	EndProjectSection
EndProject
Project("{8BC9CEB8-8B4A-11D0-8D11-00A0C91BC942}") = "fvalue_test_value_entry", "fvalue_test_value_entry\fvalue_test_value_entry.vcproj", "{F6C21C40-5C12-46F7-A2AD-792612E8AE14}"
	ProjectSection(ProjectDependencies) = postProject
		{64EAA9AB-171E-4366-B8F8-F3D5A965AA28} = {64EAA9AB-171E-4366-B8F8-F3D5A965AA28}
		{824A5A19-B107-4149-A00C-4A5CC7BB7F2D} = {824A5A19-B107-4149-A00C-4A5CC7BB7F2D}
	EndProjectSection
EndProject
Project("{8BC9CEB8-8B4A-11D0-8D11-00A0C91BC942}") = "libfwnt", "libfwnt\libfwnt.vcproj", "{78234619-5596-4205-8DAE-2DECB770F8E5}"
	ProjectSection(ProjectDependencies) = postProject
		{824A5A19-B107-4149-A00C-4A5CC7BB7F2D} = {824A5A19-B107-4149-A00C-4A5CC7BB7F2D}
		{5054ADEA-7EC7-4CB9-A165-38F354D02B0C} = {5054ADEA-7EC7-4CB9-A165-38F354D02B0C}
		{F7856C53-90B0-402C-AD1C-DC357A81429E} = {F7856C53-90B0-402C-AD1C-DC357A81429E}
		{6B7158C8-C9B7-46A2-A1C0-E1DF96ECC3FA} = {6B7158C8-C9B7-46A2-A1C0-E1DF96ECC3FA}
	EndProjectSection
EndProject
Project("{8BC9CEB8-8B4A-11D0-8D11-00A0C91BC942}") = "libfdatetime", "libfdatetime\libfdatetime.vcproj", "{D1F77F74-1AD4-4837-995C-41DAD2CE5120}"
	ProjectSection(ProjectDependencies) = postProject
		{824A5A19-B107-4149-A00C-4A5CC7BB7F2D} = {824A5A19-B107-4149-A00C-4A5CC7BB7F2D}
	EndProjectSection
EndProject
Project("{8BC9CEB8-8B4A-11D0-8D11-00A0C91BC942}") = "libcthreads", "libcthreads\libcthreads.vcproj", "{5054ADEA-7EC7-4CB9-A165-38F354D02B0C}"
	ProjectSection(ProjectDependencies) = postProject
		{824A5A19-B107-4149-A00C-4A5CC7BB7F2D} = {824A5A19-B107-4149-A00C-4A5CC7BB7F2D}
	EndProjectSection
EndProject
Project("{8BC9CEB8-8B4A-11D0-8D11-00A0C91BC942}") = "libfguid", "libfguid\libfguid.vcproj", "{DEF5A09F-A761-4377-B2E6-338DB681653E}"
	ProjectSection(ProjectDependencies) = postProject
		{824A5A19-B107-4149-A00C-4A5CC7BB7F2D} = {824A5A19-B107-4149-A00C-4A5CC7BB7F2D}
	EndProjectSection
EndProject
Project("{8BC9CEB8-8B4A-11D0-8D11-00A0C91BC942}") = "libcdata", "libcdata\libcdata.vcproj", "{F7856C53-90B0-402C-AD1C-DC357A81429E}"
	ProjectSection(ProjectDependencies) = postProject
		{824A5A19-B107-4149-A00C-4A5CC7BB7F2D} = {824A5A19-B107-4149-A00C-4A5CC7BB7F2D}
		{5054ADEA-7EC7-4CB9-A165-38F354D02B0C} = {5054ADEA-7EC7-4CB9-A165-38F354D02B0C}
	EndProjectSection
EndProject
Global
	GlobalSection(SolutionConfigurationPlatforms) = preSolution
		Release|Win32 = Release|Win32
		VSDebug|Win32 = VSDebug|Win32
	EndGlobalSection
	GlobalSection(ProjectConfigurationPlatforms) = postSolution
		{6B7158C8-C9B7-46A2-A1C0-E1DF96ECC3FA}.Release|Win32.ActiveCfg = Release|Win32
		{6B7158C8-C9B7-46A2-A1C0-E1DF96ECC3FA}.Release|Win32.Build.0 = Release|Win32
		{6B7158C8-C9B7-46A2-A1C0-E1DF96ECC3FA}.VSDebug|Win32.ActiveCfg = VSDebug|Win32
		{6B7158C8-C9B7-46A2-A1C0-E1DF96ECC3FA}.VSDebug|Win32.Build.0 = VSDebug|Win32
		{824A5A19-B107-4149-A00C-4A5CC7BB7F2D}.Release|Win32.ActiveCfg = Release|Win32
		{824A5A19-B107-4149-A00C-4A5CC7BB7F2D}.Release|Win32.Build.0 = Release|Win32
		{824A5A19-B107-4149-A00C-4A5CC7BB7F2D}.VSDebug|Win32.ActiveCfg = VSDebug|Win32
		{824A5A19-B107-4149-A00C-4A5CC7BB7F2D}.VSDebug|Win32.Build.0 = VSDebug|Win32
		{64EAA9AB-171E-4366-B8F8-F3D5A965AA28}.Release|Win32.ActiveCfg = Release|Win32
		{64EAA9AB-171E-4366-B8F8-F3D5A965AA28}.Release|Win32.Build.0 = Release|Win32
		{64EAA9AB-171E-4366-B8F8-F3D5A965AA28}.VSDebug|Win32.ActiveCfg = VSDebug|Win32
		{64EAA9AB-171E-4366-B8F8-F3D5A965AA28}.VSDebug|Win32.Build.0 = VSDebug|Win32
		{F59A0532-BA61-4B9D-8F03-09E5EDFE0161}.Release|Win32.ActiveCfg = Release|Win32
		{F59A0532-BA61-4B9D-8F03-09E5EDFE0161}.Release|Win32.Build.0 = Release|Win32
		{F59A0532-BA61-4B9D-8F03-09E5EDFE0161}.VSDebug|Win32.ActiveCfg = VSDebug|Win32
		{F59A0532-BA61-4B9D-8F03-09E5EDFE0161}.VSDebug|Win32.Build.0 = VSDebug|Win32
		{478137DD-CFAE-4020-8F63-8AC546D31FFE}.Release|Win32.ActiveCfg = Release|Win32
		{478137DD-CFAE-4020-8F63-8AC546D31FFE}.Release|Win32.Build.0 = Release|Win32
		{478137DD-CFAE-4020-8F63-8AC546D31FFE}.VSDebug|Win32.ActiveCfg = VSDebug|Win32
		{478137DD-CFAE-4020-8F63-8AC546D31FFE}.VSDebug|Win32.Build.0 = VSDebug|Win32
		{AB0A9670-C9FD-4441-90A5-C802A857A9C1}.Release|Win32.ActiveCfg = Release|Win32
		{AB0A9670-C9FD-4441-90A5-C802A857A9C1}.Release|Win32.Build.0 = Release|Win32
		{AB0A9670-C9FD-4441-90A5-C802A857A9C1}.VSDebug|Win32.ActiveCfg = VSDebug|Win32
		{AB0A9670-C9FD-4441-90A5-C802A857A9C1}.VSDebug|Win32.Build.0 = VSDebug|Win32
		{3E3FDDD6-5CAC-4F01-90A1-6075FF079F4F}.Release|Win32.ActiveCfg = Release|Win32
		{3E3FDDD6-5CAC-4F01-90A1-6075FF079F4F}.Release|Win32.Build.0 = Release|Win32
		{3E3FDDD6-5CAC-4F01-90A1-6075FF079F4F}.VSDebug|Win32.ActiveCfg = VSDebug|Win32
		{3E3FDDD6-5CAC-4F01-90A1-6075FF079F4F}.VSDebug|Win32.Build.0 = VSDebug|Win32
		{F99A3253-D5B5-46F6-B915-6F1609A499AB}.Release|Win32.ActiveCfg = Release|Win32
		{F99A3253-D5B5-46F6-B915-6F1609A499AB}.Release|Win32.Build.0 = Release|Win32
		{F99A3253-D5B5-46F6-B915-6F1609A499AB}.VSDebug|Win32.ActiveCfg = VSDebug|Win32
		{F99A3253-D5B5-46F6-B915-6F1609A499AB}.VSDebug|Win32.Build.0 = VSDebug|Win32
		{B0E26D73-EDA2-4996-95E8-80D3D59CC652}.Release|Win32.ActiveCfg = Release|Win32
		{B0E26D73-EDA2-4996-95E8-80D3D59CC652}.Release|Win32.Build.0 = Release|Win32
		{B0E26D73-EDA2-4996-95E8-80D3D59CC652}.VSDebug|Win32.ActiveCfg = VSDebug|Win32
		{B0E26D73-EDA2-4996-95E8-80D3D59CC652}.VSDebug|Win32.Build.0 = VSDebug|Win32
		{DBBDC473-9311-4238-8C01-5819BF9B055A}.Release|Win32.ActiveCfg = Release|Win32
		{DBBDC473-9311-4238-8C01-5819BF9B055A}.Release|Win32.Build.0 = Release|Win32
		{DBBDC473-9311-4238-8C01-5819BF9B055A}.VSDebug|Win32.ActiveCfg = VSDebug|Win32
		{DBBDC473-9311-4238-8C01-5819BF9B055A}.VSDebug|Win32.Build.0 = VSDebug|Win32
		{9DCD56DE-5038-4592-BC6E-54028E3EED31}.Release|Win32.ActiveCfg = Release|Win32
		{9DCD56DE-5038-4592-BC6E-54028E3EED31}.Release|Win32.Build.0 = Release|Win32
		{9DCD56DE-5038-4592-BC6E-54028E3EED31}.VSDebug|Win32.ActiveCfg = VSDebug|Win32
		{9DCD56DE-5038-4592-BC6E-54028E3EED31}.VSDebug|Win32.Build.0 = VSDebug|Win32
		{8B54A257-C390-445E-A341-3E049D600942}.Release|Win32.ActiveCfg = Release|Win32
		{8B54A257-C390-445E-A341-3E049D600942}.Release|Win32.Build.0 = Release|Win32
		{8B54A257-C390-445E-A341-3E049D600942}.VSDebug|Win32.ActiveCfg = VSDebug|Win32
		{8B54A257-C390-445E-A341-3E049D600942}.VSDebug|Win32.Build.0 = VSDebug|Win32
		{848DC65A-ED4D-4C31-AE76-F6188F554729}.Release|Win32.ActiveCfg = Release|Win32
		{848DC65A-ED4D-4C31-AE76-F6188F554729}.Release|Win32.Build.0 = Release|Win32
		{848DC65A-ED4D-4C31-AE76-F6188F554729}.VSDebug|Win32.ActiveCfg = VSDebug|Win32
		{848DC65A-ED4D-4C31-AE76-F6188F554729}.VSDebug|Win32.Build.0 = VSDebug|Win32
		{F6C21C40-5C12-46F7-A2AD-792612E8AE14}.Release|Win32.ActiveCfg = Release|Win32
		{F6C21C40-5C12-46F7-A2AD-792612E8AE14}.Release|Win32.Build.0 = Release|Win32
		{F6C21C40-5C12-46F7-A2AD-792612E8AE14}.VSDebug|Win32.ActiveCfg = VSDebug|Win32
		{F6C21C40-5C12-46F7-A2AD-792612E8AE14}.VSDebug|Win32.Build.0 = VSDebug|Win32
		{78234619-5596-4205-8DAE-2DECB770F8E5}.Release|Win32.ActiveCfg = Release|Win32
		{78234619-5596-4205-8DAE-2DECB770F8E5}.Release|Win32.Build.0 = Release|Win32
		{78234619-5596-4205-8DAE-2DECB770F8E5}.VSDebug|Win32.ActiveCfg = VSDebug|Win32
		{78234619-5596-4205-8DAE-2DECB770F8E5}.VSDebug|Win32.Build.0 = VSDebug|Win32
		{D1F77F74-1AD4-4837-995C-41DAD2CE5120}.Release|Win32.ActiveCfg = Release|Win32
		{D1F77F74-1AD4-4837-995C-41DAD2CE5120}.Release|Win32.Build.0 = Release|Win32
		{D1F77F74-1AD4-4837-995C-41DAD2CE5120}.VSDebug|Win32.ActiveCfg = VSDebug|Win32
		{D1F77F74-1AD4-4837-995C-41DAD2CE5120}.VSDebug|Win32.Build.0 = VSDebug|Win32
		{5054ADEA-7EC7-4CB9-A165-38F354D02B0C}.Release|Win32.ActiveCfg = Release|Win32
		{5054ADEA-7EC7-4CB9-A165-38F354D02B0C}.Release|Win32.Build.0 = Release|Win32
		{5054ADEA-7EC7-4CB9-A165-38F354D02B0C}.VSDebug|Win32.ActiveCfg = VSDebug|Win32
		{5054ADEA-7EC7-4CB9-A165-38F354D02B0C}.VSDebug|Win32.Build.0 = VSDebug|Win32
		{DEF5A09F-A761-4377-B2E6-338DB681653E}.Release|Win32.ActiveCfg = Release|Win32
		{DEF5A09F-A761-4377-B2E6-338DB681653E}.Release|Win32.Build.0 = Release|Win32
		{DEF5A09F-A761-4377-B2E6-338DB681653E}.VSDebug|Win32.ActiveCfg = VSDebug|Win32
		{DEF5A09F-A761-4377-B2E6-338DB681653E}.VSDebug|Win32.Build.0 = VSDebug|Win32
		{F7856C53-90B0-402C-AD1C-DC357A81429E}.Release|Win32.ActiveCfg = Release|Win32
		{F7856C53-90B0-402C-AD1C-DC357A81429E}.Release|Win32.Build.0 = Release|Win32
		{F7856C53-90B0-402C-AD1C-DC357A81429E}.VSDebug|Win32.ActiveCfg = VSDebug|Win32
		{F7856C53-90B0-402C-AD1C-DC357A81429E}.VSDebug|Win32.Build.0 = VSDebug|Win32
	EndGlobalSection
	GlobalSection(SolutionProperties) = preSolution
		HideSolutionNode = FALSE
	EndGlobalSection
EndGlobal
